
Microsoft Visual Studio Solution File, Format Version 12.00
# Visual Studio Version 17
VisualStudioVersion = 17.5.33627.172
MinimumVisualStudioVersion = 10.0.40219.1
Project("{FAE04EC0-301F-11D3-BF4B-00C04F79EFBC}") = "GerenciadorDeContatos", "GerenciadorDeContatos\GerenciadorDeContatos.csproj", "{4A5BDEE3-C618-4C07-A4EA-B1F7BB357CFA}"
EndProject
Global
	GlobalSection(SolutionConfigurationPlatforms) = preSolution
		Debug|Any CPU = Debug|Any CPU
		Release|Any CPU = Release|Any CPU
	EndGlobalSection
	GlobalSection(ProjectConfigurationPlatforms) = postSolution
		{4A5BDEE3-C618-4C07-A4EA-B1F7BB357CFA}.Debug|Any CPU.ActiveCfg = Debug|Any CPU
		{4A5BDEE3-C618-4C07-A4EA-B1F7BB357CFA}.Debug|Any CPU.Build.0 = Debug|Any CPU
		{4A5BDEE3-C618-4C07-A4EA-B1F7BB357CFA}.Release|Any CPU.ActiveCfg = Release|Any CPU
		{4A5BDEE3-C618-4C07-A4EA-B1F7BB357CFA}.Release|Any CPU.Build.0 = Release|Any CPU
	EndGlobalSection
	GlobalSection(SolutionProperties) = preSolution
		HideSolutionNode = FALSE
	EndGlobalSection
	GlobalSection(ExtensibilityGlobals) = postSolution
		SolutionGuid = {D393DAA9-99D0-475A-9788-13EA2990FAF0}
	EndGlobalSection
EndGlobal
